# THIS IS AN AUTOGENERATED FILE. DO NOT EDIT THIS FILE DIRECTLY.
# yarn lockfile v1


"@prisma/client@^4.4.0":
  version "4.4.0"
  resolved "https://registry.yarnpkg.com/@prisma/client/-/client-4.4.0.tgz#45f59c172dd3621ecc92d7cf9bc765d85e6c7d56"
  integrity sha512-ciKOP246x1xwr04G9ajHlJ4pkmtu9Q6esVyqVBO0QJihaKQIUvbPjClp17IsRJyxqNpFm4ScbOc/s9DUzKHINQ==
  dependencies:
    "@prisma/engines-version" "4.4.0-66.f352a33b70356f46311da8b00d83386dd9f145d6"

"@prisma/engines-version@4.4.0-66.f352a33b70356f46311da8b00d83386dd9f145d6":
  version "4.4.0-66.f352a33b70356f46311da8b00d83386dd9f145d6"
  resolved "https://registry.yarnpkg.com/@prisma/engines-version/-/engines-version-4.4.0-66.f352a33b70356f46311da8b00d83386dd9f145d6.tgz#00875863bb30b670a586a5b5794a000f7f3ad976"
  integrity sha512-P5v/PuEIJLYXZUZBvOLPqoyCW+m6StNqHdiR6te++gYVODpPdLakks5HVx3JaZIY+LwR02juJWFlwpc9Eog/ug==

"@prisma/engines@4.4.0":
  version "4.4.0"
  resolved "https://registry.yarnpkg.com/@prisma/engines/-/engines-4.4.0.tgz#6ca7d3ce8eee08dcfa82311b0a02f5ccaac7dc0c"
  integrity sha512-Fpykccxlt9MHrAs/QpPGpI2nOiRxuLA+LiApgA59ibbf24YICZIMWd3SI2YD+q0IAIso0jCGiHhirAIbxK3RyQ==

abort-controller@^3.0.0:
  version "3.0.0"
  resolved "https://registry.yarnpkg.com/abort-controller/-/abort-controller-3.0.0.tgz#eaf54d53b62bae4138e809ca225c8439a6efb392"
  integrity sha512-h8lQ8tacZYnR3vNQTgibj+tODHI5/+l06Au2Pcriv/Gmet0eaj4TwWH41sO9wnHDiQsEj19q0drzdWdeAHtweg==
  dependencies:
    event-target-shim "^5.0.0"

convict@^6.2.3:
  version "6.2.3"
  resolved "https://registry.yarnpkg.com/convict/-/convict-6.2.3.tgz#61f02858f6f1c5806d55837c5bb54ed64731ee8a"
  integrity sha512-mTY04Qr7WrqiXifdeUYXr4/+Te4hPFWDvz6J2FVIKCLc2XBhq63VOSSYAKJ+unhZAYOAjmEdNswTOeHt7s++pQ==
  dependencies:
    lodash.clonedeep "^4.5.0"
    yargs-parser "^20.2.7"

dotenv@^16.0.3:
  version "16.0.3"
  resolved "https://registry.yarnpkg.com/dotenv/-/dotenv-16.0.3.tgz#115aec42bac5053db3c456db30cc243a5a836a07"
  integrity sha512-7GO6HghkA5fYG9TYnNxi14/7K9f5occMlp3zXAuSxn7CKCxt9xbNWG7yF8hTCSUchlfWSe3uLmlPfigevRItzQ==

event-target-shim@^5.0.0:
  version "5.0.1"
  resolved "https://registry.yarnpkg.com/event-target-shim/-/event-target-shim-5.0.1.tgz#5d4d3ebdf9583d63a5333ce2deb7480ab2b05789"
  integrity sha512-i/2XbnSz/uxRCU6+NdVJgKWDTM427+MqYbkQzD321DuCQJUqOuJKIA0IM2+W2xtYHdKOmZ4dR6fExsd4SXL+WQ==

lodash.clonedeep@^4.5.0:
  version "4.5.0"
  resolved "https://registry.yarnpkg.com/lodash.clonedeep/-/lodash.clonedeep-4.5.0.tgz#e23f3f9c4f8fbdde872529c1071857a086e5ccef"
  integrity sha512-H5ZhCF25riFd9uB5UCkVKo61m3S/xZk1x4wA6yp/L3RFP6Z/eHH1ymQcGLo7J3GMPfm0V/7m1tryHuGVxpqEBQ==

node-fetch@^2.6.1:
  version "2.6.7"
  resolved "https://registry.yarnpkg.com/node-fetch/-/node-fetch-2.6.7.tgz#24de9fba827e3b4ae44dc8b20256a379160052ad"
  integrity sha512-ZjMPFEfVx5j+y2yF35Kzx5sF7kDzxuDj6ziH4FFbOp87zKDZNx8yExJIb05OGF4Nlt9IHFIMBkRl41VdvcNdbQ==
  dependencies:
    whatwg-url "^5.0.0"

prisma@^4.4.0:
  version "4.4.0"
  resolved "https://registry.yarnpkg.com/prisma/-/prisma-4.4.0.tgz#0c53324bf6a29474636b3e1964e0d72e0277bf8f"
  integrity sha512-l/QKLmLcKJQFuc+X02LyICo0NWTUVaNNZ00jKJBqwDyhwMAhboD1FWwYV50rkH4Wls0RviAJSFzkC2ZrfawpfA==
  dependencies:
    "@prisma/engines" "4.4.0"

toad-scheduler@^1.6.1:
  version "1.6.1"
  resolved "https://registry.yarnpkg.com/toad-scheduler/-/toad-scheduler-1.6.1.tgz#527f826d7337ee49c02ef1e55a6a7867ef96cea8"
  integrity sha512-UjNerGmJIp72lt1d6wtGZUdgzgYFM9xVJBeDJzCLOVIHbrf8c6e3iq6rswRV/8/KA8WJLUuH71LYu96yoXgNRQ==

tr46@~0.0.3:
  version "0.0.3"
  resolved "https://registry.yarnpkg.com/tr46/-/tr46-0.0.3.tgz#8184fd347dac9cdc185992f3a6622e14b9d9ab6a"
  integrity sha512-N3WMsuqV66lT30CrXNbEjx4GEwlow3v6rr4mCcv6prnfwhS01rkgyFdjPNBYd9br7LpXV1+Emh01fHnq2Gdgrw==

twitter-api-sdk@^1.1.0:
  version "1.1.0"
  resolved "https://registry.yarnpkg.com/twitter-api-sdk/-/twitter-api-sdk-1.1.0.tgz#9bcf525a0c3da311683d3a87e74357ba8479ded6"
  integrity sha512-EmYSUwf1rw57h7fnq8SLtMSt6+8orr1N4q5m5J+R/ZSzvvo3QCCyJC973/OCxH5j9F1iV0vqpLmYh/Yq87XjLA==
  dependencies:
    abort-controller "^3.0.0"
    node-fetch "^2.6.1"

webidl-conversions@^3.0.0:
  version "3.0.1"
  resolved "https://registry.yarnpkg.com/webidl-conversions/-/webidl-conversions-3.0.1.tgz#24534275e2a7bc6be7bc86611cc16ae0a5654871"
  integrity sha512-2JAn3z8AR6rjK8Sm8orRC0h/bcl/DqL7tRPdGZ4I1CjdF+EaMLmYxBHyXuKL849eucPFhvBoxMsflfOb8kxaeQ==

whatwg-url@^5.0.0:
  version "5.0.0"
  resolved "https://registry.yarnpkg.com/whatwg-url/-/whatwg-url-5.0.0.tgz#966454e8765462e37644d3626f6742ce8b70965d"
  integrity sha512-saE57nupxk6v3HY35+jzBwYa0rKSy0XR8JSxZPwgLr7ys0IBzhGviA1/TUGJLmSVqs8pb9AnvICXEuOHLprYTw==
  dependencies:
    tr46 "~0.0.3"
    webidl-conversions "^3.0.0"

yargs-parser@^20.2.7:
  version "20.2.9"
  resolved "https://registry.yarnpkg.com/yargs-parser/-/yargs-parser-20.2.9.tgz#2eb7dc3b0289718fc295f362753845c41a0c94ee"
  integrity sha512-y11nGElTIV+CT3Zv9t7VKl+Q3hTQoT9a1Qzezhhl6Rp21gJ/IVTW7Z3y9EWXhuUBC2Shnf+DX0antecpAwSP8w==
